
Microsoft Visual Studio Solution File, Format Version 12.00
# Visual Studio Version 17
VisualStudioVersion = 17.5.002.0
MinimumVisualStudioVersion = 10.0.40219.1
Project("{9A19103F-16F7-4668-BE54-9A1E7A4F7556}") = "EcommerceWebApi", "EcommerceWebApi.csproj", "{217B39DC-E49B-440C-AF8D-A0358ABAC579}"
EndProject
Global
	GlobalSection(SolutionConfigurationPlatforms) = preSolution
		Debug|Any CPU = Debug|Any CPU
		Release|Any CPU = Release|Any CPU
	EndGlobalSection
	GlobalSection(ProjectConfigurationPlatforms) = postSolution
		{217B39DC-E49B-440C-AF8D-A0358ABAC579}.Debug|Any CPU.ActiveCfg = Debug|Any CPU
		{217B39DC-E49B-440C-AF8D-A0358ABAC579}.Debug|Any CPU.Build.0 = Debug|Any CPU
		{217B39DC-E49B-440C-AF8D-A0358ABAC579}.Release|Any CPU.ActiveCfg = Release|Any CPU
		{217B39DC-E49B-440C-AF8D-A0358ABAC579}.Release|Any CPU.Build.0 = Release|Any CPU
	EndGlobalSection
	GlobalSection(SolutionProperties) = preSolution
		HideSolutionNode = FALSE
	EndGlobalSection
	GlobalSection(ExtensibilityGlobals) = postSolution
		SolutionGuid = {A8E42F49-C364-424A-AD1E-CCAF3FC795EE}
	EndGlobalSection
EndGlobal
